
Microsoft Visual Studio Solution File, Format Version 12.00
# Visual Studio Version 17
VisualStudioVersion = 17.8.34309.116
MinimumVisualStudioVersion = 10.0.40219.1
Project("{FAE04EC0-301F-11D3-BF4B-00C04F79EFBC}") = "Lab06-2", "Lab06-2.csproj", "{B74FFF9D-FFCE-492A-B541-70CE11C9E691}"
EndProject
Global
	GlobalSection(SolutionConfigurationPlatforms) = preSolution
		Debug|Any CPU = Debug|Any CPU
		Release|Any CPU = Release|Any CPU
	EndGlobalSection
	GlobalSection(ProjectConfigurationPlatforms) = postSolution
		{B74FFF9D-FFCE-492A-B541-70CE11C9E691}.Debug|Any CPU.ActiveCfg = Debug|Any CPU
		{B74FFF9D-FFCE-492A-B541-70CE11C9E691}.Debug|Any CPU.Build.0 = Debug|Any CPU
		{B74FFF9D-FFCE-492A-B541-70CE11C9E691}.Release|Any CPU.ActiveCfg = Release|Any CPU
		{B74FFF9D-FFCE-492A-B541-70CE11C9E691}.Release|Any CPU.Build.0 = Release|Any CPU
	EndGlobalSection
	GlobalSection(SolutionProperties) = preSolution
		HideSolutionNode = FALSE
	EndGlobalSection
	GlobalSection(ExtensibilityGlobals) = postSolution
		SolutionGuid = {B9D0F063-CFCE-42E9-93E1-D09CA807CA7D}
	EndGlobalSection
EndGlobal
