
Microsoft Visual Studio Solution File, Format Version 12.00
# Visual Studio Version 17
VisualStudioVersion = 17.8.34309.116
MinimumVisualStudioVersion = 10.0.40219.1
Project("{FAE04EC0-301F-11D3-BF4B-00C04F79EFBC}") = "Lab04 - 1", "Lab04 - 1.csproj", "{BF4264AB-2339-48D7-88F0-C413D34E7A33}"
EndProject
Global
	GlobalSection(SolutionConfigurationPlatforms) = preSolution
		Debug|Any CPU = Debug|Any CPU
		Release|Any CPU = Release|Any CPU
	EndGlobalSection
	GlobalSection(ProjectConfigurationPlatforms) = postSolution
		{BF4264AB-2339-48D7-88F0-C413D34E7A33}.Debug|Any CPU.ActiveCfg = Debug|Any CPU
		{BF4264AB-2339-48D7-88F0-C413D34E7A33}.Debug|Any CPU.Build.0 = Debug|Any CPU
		{BF4264AB-2339-48D7-88F0-C413D34E7A33}.Release|Any CPU.ActiveCfg = Release|Any CPU
		{BF4264AB-2339-48D7-88F0-C413D34E7A33}.Release|Any CPU.Build.0 = Release|Any CPU
	EndGlobalSection
	GlobalSection(SolutionProperties) = preSolution
		HideSolutionNode = FALSE
	EndGlobalSection
	GlobalSection(ExtensibilityGlobals) = postSolution
		SolutionGuid = {E35A899D-E535-44BD-A5A4-36171C91E37C}
	EndGlobalSection
EndGlobal
